# generated by rye
# use `rye lock` or `rye sync` to update this lockfile
#
# last locked with the following flags:
#   pre: false
#   features: []
#   all-features: false
#   with-sources: false
#   generate-hashes: false

-e file:.
asyncache==0.3.1
    # via async-py
cachetools==5.4.0
    # via asyncache
certifi==2024.7.4
    # via requests
charset-normalizer==3.3.2
    # via requests
idna==3.7
    # via requests
    # via yarl
multidict==6.0.5
    # via yarl
requests==2.32.3
    # via async-py
tenacity==8.5.0
    # via async-py
urllib3==2.2.2
    # via requests
yarl==1.9.4
    # via async-py
